
Microsoft Visual Studio Solution File, Format Version 12.00
# Visual Studio Version 16
VisualStudioVersion = 16.0.808.10
MinimumVisualStudioVersion = 10.0.40219.1
Project("{FAE04EC0-301F-11D3-BF4B-00C04F79EFBC}") = "DT071G_project", "DT071G_project\DT071G_project.csproj", "{38AF3457-5B40-4672-B748-7D52AE534BA3}"
EndProject
Global
	GlobalSection(SolutionConfigurationPlatforms) = preSolution
		Debug|Any CPU = Debug|Any CPU
		Release|Any CPU = Release|Any CPU
	EndGlobalSection
	GlobalSection(ProjectConfigurationPlatforms) = postSolution
		{38AF3457-5B40-4672-B748-7D52AE534BA3}.Debug|Any CPU.ActiveCfg = Debug|Any CPU
		{38AF3457-5B40-4672-B748-7D52AE534BA3}.Debug|Any CPU.Build.0 = Debug|Any CPU
		{38AF3457-5B40-4672-B748-7D52AE534BA3}.Release|Any CPU.ActiveCfg = Release|Any CPU
		{38AF3457-5B40-4672-B748-7D52AE534BA3}.Release|Any CPU.Build.0 = Release|Any CPU
	EndGlobalSection
	GlobalSection(SolutionProperties) = preSolution
		HideSolutionNode = FALSE
	EndGlobalSection
	GlobalSection(ExtensibilityGlobals) = postSolution
		SolutionGuid = {1403DB91-0383-416F-B09F-6EE371846C22}
	EndGlobalSection
EndGlobal
